
Microsoft Visual Studio Solution File, Format Version 12.00
# Visual Studio Version 16
VisualStudioVersion = 16.0.31424.327
MinimumVisualStudioVersion = 10.0.40219.1
Project("{FAE04EC0-301F-11D3-BF4B-00C04F79EFBC}") = "OtoparkOtomasyonu", "OtoparkOtomasyonu\OtoparkOtomasyonu.csproj", "{E00B56BA-B3B8-440A-A952-ECB08E9EEB4B}"
EndProject
Global
	GlobalSection(SolutionConfigurationPlatforms) = preSolution
		Debug|Any CPU = Debug|Any CPU
		Release|Any CPU = Release|Any CPU
	EndGlobalSection
	GlobalSection(ProjectConfigurationPlatforms) = postSolution
		{E00B56BA-B3B8-440A-A952-ECB08E9EEB4B}.Debug|Any CPU.ActiveCfg = Debug|Any CPU
		{E00B56BA-B3B8-440A-A952-ECB08E9EEB4B}.Debug|Any CPU.Build.0 = Debug|Any CPU
		{E00B56BA-B3B8-440A-A952-ECB08E9EEB4B}.Release|Any CPU.ActiveCfg = Release|Any CPU
		{E00B56BA-B3B8-440A-A952-ECB08E9EEB4B}.Release|Any CPU.Build.0 = Release|Any CPU
	EndGlobalSection
	GlobalSection(SolutionProperties) = preSolution
		HideSolutionNode = FALSE
	EndGlobalSection
	GlobalSection(ExtensibilityGlobals) = postSolution
		SolutionGuid = {32F948F4-D4F3-42B9-8326-8044520CC8FA}
	EndGlobalSection
EndGlobal
